
Microsoft Visual Studio Solution File, Format Version 12.00
# Visual Studio 15
VisualStudioVersion = 15.0.28307.852
MinimumVisualStudioVersion = 10.0.40219.1
Project("{FAE04EC0-301F-11D3-BF4B-00C04F79EFBC}") = "Laboratorio 3", "Laboratorio 3\Laboratorio 3.csproj", "{FEBC5151-CE88-4AA8-9495-254405FDDCE7}"
EndProject
Global
	GlobalSection(SolutionConfigurationPlatforms) = preSolution
		Debug|Any CPU = Debug|Any CPU
		Release|Any CPU = Release|Any CPU
	EndGlobalSection
	GlobalSection(ProjectConfigurationPlatforms) = postSolution
		{FEBC5151-CE88-4AA8-9495-254405FDDCE7}.Debug|Any CPU.ActiveCfg = Debug|Any CPU
		{FEBC5151-CE88-4AA8-9495-254405FDDCE7}.Debug|Any CPU.Build.0 = Debug|Any CPU
		{FEBC5151-CE88-4AA8-9495-254405FDDCE7}.Release|Any CPU.ActiveCfg = Release|Any CPU
		{FEBC5151-CE88-4AA8-9495-254405FDDCE7}.Release|Any CPU.Build.0 = Release|Any CPU
	EndGlobalSection
	GlobalSection(SolutionProperties) = preSolution
		HideSolutionNode = FALSE
	EndGlobalSection
	GlobalSection(ExtensibilityGlobals) = postSolution
		SolutionGuid = {AF81738E-2651-45AD-B14C-F440378B0F99}
	EndGlobalSection
EndGlobal
